
Microsoft Visual Studio Solution File, Format Version 12.00
# Visual Studio Version 17
VisualStudioVersion = 17.13.35931.197
MinimumVisualStudioVersion = 10.0.40219.1
Project("{FAE04EC0-301F-11D3-BF4B-00C04F79EFBC}") = "Blog.UI", "Blog.UI\Blog.UI.csproj", "{23F51510-76B3-4AD0-9594-B37573A153C7}"
EndProject
Project("{2150E333-8FDC-42A3-9474-1A3956D46DE8}") = "Frontend", "Frontend", "{02EA681E-C7D8-13C7-8484-4AC65E1B71E8}"
EndProject
Project("{2150E333-8FDC-42A3-9474-1A3956D46DE8}") = "Backend", "Backend", "{C05EE58F-76CF-4EFA-8AB4-818354639B07}"
EndProject
Project("{2150E333-8FDC-42A3-9474-1A3956D46DE8}") = "Shared", "Shared", "{956B53BC-FD4E-4553-B8E1-7589EDC81B52}"
EndProject
Project("{FAE04EC0-301F-11D3-BF4B-00C04F79EFBC}") = "Blog.Dataccess", "Blog.Dataccess\Blog.Dataccess.csproj", "{B9DC1725-5BDC-4B2C-8A5B-A7733FE2BA02}"
EndProject
Project("{FAE04EC0-301F-11D3-BF4B-00C04F79EFBC}") = "Blog.API", "Blog.API\Blog.API.csproj", "{C5E2FA71-526D-44B4-B97E-F21B98BB35A2}"
EndProject
Project("{FAE04EC0-301F-11D3-BF4B-00C04F79EFBC}") = "Blog.Shared", "Blog.Shared\Blog.Shared.csproj", "{8969D6F4-705A-48EE-8A7D-49BAC903C8F8}"
EndProject
Global
	GlobalSection(SolutionConfigurationPlatforms) = preSolution
		Debug|Any CPU = Debug|Any CPU
		Release|Any CPU = Release|Any CPU
	EndGlobalSection
	GlobalSection(ProjectConfigurationPlatforms) = postSolution
		{23F51510-76B3-4AD0-9594-B37573A153C7}.Debug|Any CPU.ActiveCfg = Debug|Any CPU
		{23F51510-76B3-4AD0-9594-B37573A153C7}.Debug|Any CPU.Build.0 = Debug|Any CPU
		{23F51510-76B3-4AD0-9594-B37573A153C7}.Release|Any CPU.ActiveCfg = Release|Any CPU
		{23F51510-76B3-4AD0-9594-B37573A153C7}.Release|Any CPU.Build.0 = Release|Any CPU
		{B9DC1725-5BDC-4B2C-8A5B-A7733FE2BA02}.Debug|Any CPU.ActiveCfg = Debug|Any CPU
		{B9DC1725-5BDC-4B2C-8A5B-A7733FE2BA02}.Debug|Any CPU.Build.0 = Debug|Any CPU
		{B9DC1725-5BDC-4B2C-8A5B-A7733FE2BA02}.Release|Any CPU.ActiveCfg = Release|Any CPU
		{B9DC1725-5BDC-4B2C-8A5B-A7733FE2BA02}.Release|Any CPU.Build.0 = Release|Any CPU
		{C5E2FA71-526D-44B4-B97E-F21B98BB35A2}.Debug|Any CPU.ActiveCfg = Debug|Any CPU
		{C5E2FA71-526D-44B4-B97E-F21B98BB35A2}.Debug|Any CPU.Build.0 = Debug|Any CPU
		{C5E2FA71-526D-44B4-B97E-F21B98BB35A2}.Release|Any CPU.ActiveCfg = Release|Any CPU
		{C5E2FA71-526D-44B4-B97E-F21B98BB35A2}.Release|Any CPU.Build.0 = Release|Any CPU
		{8969D6F4-705A-48EE-8A7D-49BAC903C8F8}.Debug|Any CPU.ActiveCfg = Debug|Any CPU
		{8969D6F4-705A-48EE-8A7D-49BAC903C8F8}.Debug|Any CPU.Build.0 = Debug|Any CPU
		{8969D6F4-705A-48EE-8A7D-49BAC903C8F8}.Release|Any CPU.ActiveCfg = Release|Any CPU
		{8969D6F4-705A-48EE-8A7D-49BAC903C8F8}.Release|Any CPU.Build.0 = Release|Any CPU
	EndGlobalSection
	GlobalSection(SolutionProperties) = preSolution
		HideSolutionNode = FALSE
	EndGlobalSection
	GlobalSection(NestedProjects) = preSolution
		{23F51510-76B3-4AD0-9594-B37573A153C7} = {02EA681E-C7D8-13C7-8484-4AC65E1B71E8}
		{B9DC1725-5BDC-4B2C-8A5B-A7733FE2BA02} = {C05EE58F-76CF-4EFA-8AB4-818354639B07}
		{C5E2FA71-526D-44B4-B97E-F21B98BB35A2} = {C05EE58F-76CF-4EFA-8AB4-818354639B07}
		{8969D6F4-705A-48EE-8A7D-49BAC903C8F8} = {956B53BC-FD4E-4553-B8E1-7589EDC81B52}
	EndGlobalSection
	GlobalSection(ExtensibilityGlobals) = postSolution
		SolutionGuid = {67B9294E-ED38-4CA9-B51A-4303EE79F5EE}
	EndGlobalSection
EndGlobal
